// !$*UTF8*$!
{
	archiveVersion = 1;
	classes = {
	};
	objectVersion = 55;
	objects = {

/* Begin PBXBuildFile section */
		290B25F62908250C00BB8484 /* CombineHelpers.swift in Sources */ = {isa = PBXBuildFile; fileRef = 290B25F52908250C00BB8484 /* CombineHelpers.swift */; };
		2914C234290A9582005193BA /* UIViewController+Snapshot.swift in Sources */ = {isa = PBXBuildFile; fileRef = 2914C233290A9582005193BA /* UIViewController+Snapshot.swift */; };
		2914C236290A95AB005193BA /* XCTestCase+Snapshot.swift in Sources */ = {isa = PBXBuildFile; fileRef = 2914C235290A95AB005193BA /* XCTestCase+Snapshot.swift */; };
		2914C23A290ACE46005193BA /* FeedSnapshotTests.swift in Sources */ = {isa = PBXBuildFile; fileRef = 2914C239290ACE46005193BA /* FeedSnapshotTests.swift */; };
		291DAB0E2922188C00E85E8F /* ImageLoaderProvider.swift in Sources */ = {isa = PBXBuildFile; fileRef = 291DAB0D2922188C00E85E8F /* ImageLoaderProvider.swift */; };
		291DE8522917EBD1002122FD /* ImageDataMapper.swift in Sources */ = {isa = PBXBuildFile; fileRef = 291DE8512917EBD1002122FD /* ImageDataMapper.swift */; };
		292FE10028D740FA00AC220C /* XCTestCase+MemoryLeakTracking.swift in Sources */ = {isa = PBXBuildFile; fileRef = 292FE0FF28D740FA00AC220C /* XCTestCase+MemoryLeakTracking.swift */; };
		294673D528F47A2D00C074D2 /* RemoteLoaderTests.swift in Sources */ = {isa = PBXBuildFile; fileRef = 294673D428F47A2D00C074D2 /* RemoteLoaderTests.swift */; };
		294C5DDB290BB1A2003B3B8C /* LoadingView.swift in Sources */ = {isa = PBXBuildFile; fileRef = 294C5DDA290BB1A2003B3B8C /* LoadingView.swift */; };
		294C5DDF290BB464003B3B8C /* Color+Hex.swift in Sources */ = {isa = PBXBuildFile; fileRef = 294C5DDE290BB464003B3B8C /* Color+Hex.swift */; };
		294C5DE1290BEBA2003B3B8C /* ViewState.swift in Sources */ = {isa = PBXBuildFile; fileRef = 294C5DE0290BEBA2003B3B8C /* ViewState.swift */; };
		294C5DE3290C01BC003B3B8C /* Shimmer+ViewModifier.swift in Sources */ = {isa = PBXBuildFile; fileRef = 294C5DE2290C01BC003B3B8C /* Shimmer+ViewModifier.swift */; };
		296018F629085CCE006DBDD6 /* FeedUIComposer.swift in Sources */ = {isa = PBXBuildFile; fileRef = 296018F529085CCE006DBDD6 /* FeedUIComposer.swift */; };
		296018F929085D33006DBDD6 /* FeedListView.swift in Sources */ = {isa = PBXBuildFile; fileRef = 296018F829085D33006DBDD6 /* FeedListView.swift */; };
		2962D20028EDB77F00220887 /* FeedMapper.swift in Sources */ = {isa = PBXBuildFile; fileRef = 2962D1FF28EDB77F00220887 /* FeedMapper.swift */; };
		2962D20528EDB7AF00220887 /* FeedMapperTests.swift in Sources */ = {isa = PBXBuildFile; fileRef = 2962D20428EDB7AF00220887 /* FeedMapperTests.swift */; };
		2962D20828EDC1B700220887 /* HTTPURLResponse+Ext.swift in Sources */ = {isa = PBXBuildFile; fileRef = 2962D20728EDC1B700220887 /* HTTPURLResponse+Ext.swift */; };
		2967083128EF1A7200FDAC75 /* FeedViewModel.swift in Sources */ = {isa = PBXBuildFile; fileRef = 2967083028EF1A7200FDAC75 /* FeedViewModel.swift */; };
		2967083328EF1A8800FDAC75 /* FeedViewModelTests.swift in Sources */ = {isa = PBXBuildFile; fileRef = 2967083228EF1A8800FDAC75 /* FeedViewModelTests.swift */; };
		2967083528EF357700FDAC75 /* HTTPClientSpy.swift in Sources */ = {isa = PBXBuildFile; fileRef = 2967083428EF357700FDAC75 /* HTTPClientSpy.swift */; };
		29909ACA29162FC100850637 /* ImageLoader.swift in Sources */ = {isa = PBXBuildFile; fileRef = 29909AC929162FC100850637 /* ImageLoader.swift */; };
		299AD5BD28EAFFA500AAEA6F /* Endpoint.swift in Sources */ = {isa = PBXBuildFile; fileRef = 299AD5BC28EAFFA500AAEA6F /* Endpoint.swift */; };
		299AD5BF28EB00DF00AAEA6F /* EndpointTests.swift in Sources */ = {isa = PBXBuildFile; fileRef = 299AD5BE28EB00DF00AAEA6F /* EndpointTests.swift */; };
		299AD5C328EB352100AAEA6F /* Feed.swift in Sources */ = {isa = PBXBuildFile; fileRef = 299AD5C228EB352100AAEA6F /* Feed.swift */; };
		29C768C5290E8FF800951EAC /* AsyncImageViewModel.swift in Sources */ = {isa = PBXBuildFile; fileRef = 29C768C4290E8FF800951EAC /* AsyncImageViewModel.swift */; };
		29C768C9290EE8B000951EAC /* AsyncImageViewModelTests.swift in Sources */ = {isa = PBXBuildFile; fileRef = 29C768C8290EE8B000951EAC /* AsyncImageViewModelTests.swift */; };
		29D1850728D013B6006FFE4C /* AppDelegate.swift in Sources */ = {isa = PBXBuildFile; fileRef = 29D1850628D013B6006FFE4C /* AppDelegate.swift */; };
		29D1850928D013B6006FFE4C /* SceneDelegate.swift in Sources */ = {isa = PBXBuildFile; fileRef = 29D1850828D013B6006FFE4C /* SceneDelegate.swift */; };
		29D1851028D013B6006FFE4C /* Assets.xcassets in Resources */ = {isa = PBXBuildFile; fileRef = 29D1850F28D013B6006FFE4C /* Assets.xcassets */; };
		29D1851328D013B7006FFE4C /* LaunchScreen.storyboard in Resources */ = {isa = PBXBuildFile; fileRef = 29D1851128D013B7006FFE4C /* LaunchScreen.storyboard */; };
		29D1853A28D02B30006FFE4C /* XCTestCase+Data.swift in Sources */ = {isa = PBXBuildFile; fileRef = 29D1853928D02B30006FFE4C /* XCTestCase+Data.swift */; };
		29D1853C28D02BE5006FFE4C /* XCTestCase+Error.swift in Sources */ = {isa = PBXBuildFile; fileRef = 29D1853B28D02BE5006FFE4C /* XCTestCase+Error.swift */; };
		29D1853E28D02D17006FFE4C /* XCTestCase+URL.swift in Sources */ = {isa = PBXBuildFile; fileRef = 29D1853D28D02D17006FFE4C /* XCTestCase+URL.swift */; };
		29D1854328D04857006FFE4C /* HTTPClient.swift in Sources */ = {isa = PBXBuildFile; fileRef = 29D1853F28D04849006FFE4C /* HTTPClient.swift */; };
		29D1854428D04857006FFE4C /* URLSessionHTTPClient.swift in Sources */ = {isa = PBXBuildFile; fileRef = 29D1854028D04849006FFE4C /* URLSessionHTTPClient.swift */; };
		29D603A228D1FEA700F712BF /* URLProtocolStub.swift in Sources */ = {isa = PBXBuildFile; fileRef = 29D603A128D1FEA700F712BF /* URLProtocolStub.swift */; };
		29D603A428D247FE00F712BF /* URLSessionHTTPClientTests.swift in Sources */ = {isa = PBXBuildFile; fileRef = 29D603A328D247FE00F712BF /* URLSessionHTTPClientTests.swift */; };
		29DB8D7A2913F93F007B7D10 /* AsyncImageView.swift in Sources */ = {isa = PBXBuildFile; fileRef = 29DB8D792913F93F007B7D10 /* AsyncImageView.swift */; };
		29F51F2528EFD45F0095BC0B /* RemoteLoader.swift in Sources */ = {isa = PBXBuildFile; fileRef = 29F51F2428EFD45F0095BC0B /* RemoteLoader.swift */; };
		29FD578A290A8A8F006F1EB3 /* URLRequest+Endpoint.swift in Sources */ = {isa = PBXBuildFile; fileRef = 29FD5789290A8A8F006F1EB3 /* URLRequest+Endpoint.swift */; };
		29FD578C290A8B14006F1EB3 /* Endpoints.swift in Sources */ = {isa = PBXBuildFile; fileRef = 29FD578B290A8B14006F1EB3 /* Endpoints.swift */; };
/* End PBXBuildFile section */

/* Begin PBXContainerItemProxy section */
		29D1851A28D013B7006FFE4C /* PBXContainerItemProxy */ = {
			isa = PBXContainerItemProxy;
			containerPortal = 29D184FB28D013B6006FFE4C /* Project object */;
			proxyType = 1;
			remoteGlobalIDString = 29D1850228D013B6006FFE4C;
			remoteInfo = Post;
		};
/* End PBXContainerItemProxy section */

/* Begin PBXFileReference section */
		290B25F52908250C00BB8484 /* CombineHelpers.swift */ = {isa = PBXFileReference; lastKnownFileType = sourcecode.swift; path = CombineHelpers.swift; sourceTree = "<group>"; };
		2914C233290A9582005193BA /* UIViewController+Snapshot.swift */ = {isa = PBXFileReference; lastKnownFileType = sourcecode.swift; path = "UIViewController+Snapshot.swift"; sourceTree = "<group>"; };
		2914C235290A95AB005193BA /* XCTestCase+Snapshot.swift */ = {isa = PBXFileReference; lastKnownFileType = sourcecode.swift; path = "XCTestCase+Snapshot.swift"; sourceTree = "<group>"; };
		2914C239290ACE46005193BA /* FeedSnapshotTests.swift */ = {isa = PBXFileReference; lastKnownFileType = sourcecode.swift; path = FeedSnapshotTests.swift; sourceTree = "<group>"; };
		291DAB0D2922188C00E85E8F /* ImageLoaderProvider.swift */ = {isa = PBXFileReference; lastKnownFileType = sourcecode.swift; path = ImageLoaderProvider.swift; sourceTree = "<group>"; };
		291DE8512917EBD1002122FD /* ImageDataMapper.swift */ = {isa = PBXFileReference; lastKnownFileType = sourcecode.swift; path = ImageDataMapper.swift; sourceTree = "<group>"; };
		292FE0FF28D740FA00AC220C /* XCTestCase+MemoryLeakTracking.swift */ = {isa = PBXFileReference; fileEncoding = 4; lastKnownFileType = sourcecode.swift; path = "XCTestCase+MemoryLeakTracking.swift"; sourceTree = "<group>"; };
		294673D428F47A2D00C074D2 /* RemoteLoaderTests.swift */ = {isa = PBXFileReference; lastKnownFileType = sourcecode.swift; path = RemoteLoaderTests.swift; sourceTree = "<group>"; };
		294C5DDA290BB1A2003B3B8C /* LoadingView.swift */ = {isa = PBXFileReference; lastKnownFileType = sourcecode.swift; path = LoadingView.swift; sourceTree = "<group>"; };
		294C5DDE290BB464003B3B8C /* Color+Hex.swift */ = {isa = PBXFileReference; lastKnownFileType = sourcecode.swift; path = "Color+Hex.swift"; sourceTree = "<group>"; };
		294C5DE0290BEBA2003B3B8C /* ViewState.swift */ = {isa = PBXFileReference; lastKnownFileType = sourcecode.swift; path = ViewState.swift; sourceTree = "<group>"; };
		294C5DE2290C01BC003B3B8C /* Shimmer+ViewModifier.swift */ = {isa = PBXFileReference; lastKnownFileType = sourcecode.swift; path = "Shimmer+ViewModifier.swift"; sourceTree = "<group>"; };
		296018F529085CCE006DBDD6 /* FeedUIComposer.swift */ = {isa = PBXFileReference; lastKnownFileType = sourcecode.swift; path = FeedUIComposer.swift; sourceTree = "<group>"; };
		296018F829085D33006DBDD6 /* FeedListView.swift */ = {isa = PBXFileReference; lastKnownFileType = sourcecode.swift; path = FeedListView.swift; sourceTree = "<group>"; };
		2962D1FF28EDB77F00220887 /* FeedMapper.swift */ = {isa = PBXFileReference; lastKnownFileType = sourcecode.swift; path = FeedMapper.swift; sourceTree = "<group>"; };
		2962D20428EDB7AF00220887 /* FeedMapperTests.swift */ = {isa = PBXFileReference; lastKnownFileType = sourcecode.swift; path = FeedMapperTests.swift; sourceTree = "<group>"; };
		2962D20728EDC1B700220887 /* HTTPURLResponse+Ext.swift */ = {isa = PBXFileReference; lastKnownFileType = sourcecode.swift; path = "HTTPURLResponse+Ext.swift"; sourceTree = "<group>"; };
		2967083028EF1A7200FDAC75 /* FeedViewModel.swift */ = {isa = PBXFileReference; lastKnownFileType = sourcecode.swift; path = FeedViewModel.swift; sourceTree = "<group>"; };
		2967083228EF1A8800FDAC75 /* FeedViewModelTests.swift */ = {isa = PBXFileReference; lastKnownFileType = sourcecode.swift; path = FeedViewModelTests.swift; sourceTree = "<group>"; };
		2967083428EF357700FDAC75 /* HTTPClientSpy.swift */ = {isa = PBXFileReference; lastKnownFileType = sourcecode.swift; path = HTTPClientSpy.swift; sourceTree = "<group>"; };
		29909AC929162FC100850637 /* ImageLoader.swift */ = {isa = PBXFileReference; lastKnownFileType = sourcecode.swift; path = ImageLoader.swift; sourceTree = "<group>"; };
		299AD5BC28EAFFA500AAEA6F /* Endpoint.swift */ = {isa = PBXFileReference; lastKnownFileType = sourcecode.swift; path = Endpoint.swift; sourceTree = "<group>"; };
		299AD5BE28EB00DF00AAEA6F /* EndpointTests.swift */ = {isa = PBXFileReference; lastKnownFileType = sourcecode.swift; path = EndpointTests.swift; sourceTree = "<group>"; };
		299AD5C228EB352100AAEA6F /* Feed.swift */ = {isa = PBXFileReference; lastKnownFileType = sourcecode.swift; path = Feed.swift; sourceTree = "<group>"; };
		29C768C4290E8FF800951EAC /* AsyncImageViewModel.swift */ = {isa = PBXFileReference; lastKnownFileType = sourcecode.swift; path = AsyncImageViewModel.swift; sourceTree = "<group>"; };
		29C768C8290EE8B000951EAC /* AsyncImageViewModelTests.swift */ = {isa = PBXFileReference; lastKnownFileType = sourcecode.swift; path = AsyncImageViewModelTests.swift; sourceTree = "<group>"; };
		29D1850328D013B6006FFE4C /* Post.app */ = {isa = PBXFileReference; explicitFileType = wrapper.application; includeInIndex = 0; path = Post.app; sourceTree = BUILT_PRODUCTS_DIR; };
		29D1850628D013B6006FFE4C /* AppDelegate.swift */ = {isa = PBXFileReference; lastKnownFileType = sourcecode.swift; path = AppDelegate.swift; sourceTree = "<group>"; };
		29D1850828D013B6006FFE4C /* SceneDelegate.swift */ = {isa = PBXFileReference; lastKnownFileType = sourcecode.swift; path = SceneDelegate.swift; sourceTree = "<group>"; };
		29D1850F28D013B6006FFE4C /* Assets.xcassets */ = {isa = PBXFileReference; lastKnownFileType = folder.assetcatalog; path = Assets.xcassets; sourceTree = "<group>"; };
		29D1851228D013B7006FFE4C /* Base */ = {isa = PBXFileReference; lastKnownFileType = file.storyboard; name = Base; path = Base.lproj/LaunchScreen.storyboard; sourceTree = "<group>"; };
		29D1851428D013B7006FFE4C /* Info.plist */ = {isa = PBXFileReference; lastKnownFileType = text.plist.xml; path = Info.plist; sourceTree = "<group>"; };
		29D1851928D013B7006FFE4C /* PostTests.xctest */ = {isa = PBXFileReference; explicitFileType = wrapper.cfbundle; includeInIndex = 0; path = PostTests.xctest; sourceTree = BUILT_PRODUCTS_DIR; };
		29D1853928D02B30006FFE4C /* XCTestCase+Data.swift */ = {isa = PBXFileReference; lastKnownFileType = sourcecode.swift; path = "XCTestCase+Data.swift"; sourceTree = "<group>"; };
		29D1853B28D02BE5006FFE4C /* XCTestCase+Error.swift */ = {isa = PBXFileReference; lastKnownFileType = sourcecode.swift; path = "XCTestCase+Error.swift"; sourceTree = "<group>"; };
		29D1853D28D02D17006FFE4C /* XCTestCase+URL.swift */ = {isa = PBXFileReference; lastKnownFileType = sourcecode.swift; path = "XCTestCase+URL.swift"; sourceTree = "<group>"; };
		29D1853F28D04849006FFE4C /* HTTPClient.swift */ = {isa = PBXFileReference; fileEncoding = 4; lastKnownFileType = sourcecode.swift; path = HTTPClient.swift; sourceTree = "<group>"; };
		29D1854028D04849006FFE4C /* URLSessionHTTPClient.swift */ = {isa = PBXFileReference; fileEncoding = 4; lastKnownFileType = sourcecode.swift; path = URLSessionHTTPClient.swift; sourceTree = "<group>"; };
		29D603A128D1FEA700F712BF /* URLProtocolStub.swift */ = {isa = PBXFileReference; lastKnownFileType = sourcecode.swift; path = URLProtocolStub.swift; sourceTree = "<group>"; };
		29D603A328D247FE00F712BF /* URLSessionHTTPClientTests.swift */ = {isa = PBXFileReference; lastKnownFileType = sourcecode.swift; path = URLSessionHTTPClientTests.swift; sourceTree = "<group>"; };
		29DB8D792913F93F007B7D10 /* AsyncImageView.swift */ = {isa = PBXFileReference; lastKnownFileType = sourcecode.swift; path = AsyncImageView.swift; sourceTree = "<group>"; };
		29F51F2428EFD45F0095BC0B /* RemoteLoader.swift */ = {isa = PBXFileReference; lastKnownFileType = sourcecode.swift; path = RemoteLoader.swift; sourceTree = "<group>"; };
		29FD5789290A8A8F006F1EB3 /* URLRequest+Endpoint.swift */ = {isa = PBXFileReference; lastKnownFileType = sourcecode.swift; path = "URLRequest+Endpoint.swift"; sourceTree = "<group>"; };
		29FD578B290A8B14006F1EB3 /* Endpoints.swift */ = {isa = PBXFileReference; lastKnownFileType = sourcecode.swift; path = Endpoints.swift; sourceTree = "<group>"; };
/* End PBXFileReference section */

/* Begin PBXFrameworksBuildPhase section */
		29D1850028D013B6006FFE4C /* Frameworks */ = {
			isa = PBXFrameworksBuildPhase;
			buildActionMask = 2147483647;
			files = (
			);
			runOnlyForDeploymentPostprocessing = 0;
		};
		29D1851628D013B7006FFE4C /* Frameworks */ = {
			isa = PBXFrameworksBuildPhase;
			buildActionMask = 2147483647;
			files = (
			);
			runOnlyForDeploymentPostprocessing = 0;
		};
/* End PBXFrameworksBuildPhase section */

/* Begin PBXGroup section */
		290B25F4290824D600BB8484 /* Helpers */ = {
			isa = PBXGroup;
			children = (
				290B25F52908250C00BB8484 /* CombineHelpers.swift */,
				29FD5789290A8A8F006F1EB3 /* URLRequest+Endpoint.swift */,
				29FD578B290A8B14006F1EB3 /* Endpoints.swift */,
				291DAB0D2922188C00E85E8F /* ImageLoaderProvider.swift */,
			);
			path = Helpers;
			sourceTree = "<group>";
		};
		2914C237290ACE29005193BA /* Views */ = {
			isa = PBXGroup;
			children = (
				2914C238290ACE30005193BA /* FeedList */,
			);
			path = Views;
			sourceTree = "<group>";
		};
		2914C238290ACE30005193BA /* FeedList */ = {
			isa = PBXGroup;
			children = (
				2914C239290ACE46005193BA /* FeedSnapshotTests.swift */,
			);
			path = FeedList;
			sourceTree = "<group>";
		};
		291DE8502917EBC8002122FD /* API */ = {
			isa = PBXGroup;
			children = (
				291DE8512917EBD1002122FD /* ImageDataMapper.swift */,
			);
			path = API;
			sourceTree = "<group>";
		};
		294C5DD9290BB199003B3B8C /* Views */ = {
			isa = PBXGroup;
			children = (
				294C5DDD290BB459003B3B8C /* Helpers */,
				294C5DDC290BB450003B3B8C /* Loading */,
			);
			path = Views;
			sourceTree = "<group>";
		};
		294C5DDC290BB450003B3B8C /* Loading */ = {
			isa = PBXGroup;
			children = (
				294C5DDA290BB1A2003B3B8C /* LoadingView.swift */,
			);
			path = Loading;
			sourceTree = "<group>";
		};
		294C5DDD290BB459003B3B8C /* Helpers */ = {
			isa = PBXGroup;
			children = (
				294C5DDE290BB464003B3B8C /* Color+Hex.swift */,
				294C5DE0290BEBA2003B3B8C /* ViewState.swift */,
				294C5DE2290C01BC003B3B8C /* Shimmer+ViewModifier.swift */,
			);
			path = Helpers;
			sourceTree = "<group>";
		};
		296018F429085CC2006DBDD6 /* Composers */ = {
			isa = PBXGroup;
			children = (
				296018F529085CCE006DBDD6 /* FeedUIComposer.swift */,
			);
			path = Composers;
			sourceTree = "<group>";
		};
		296018F729085D26006DBDD6 /* Views */ = {
			isa = PBXGroup;
			children = (
				296018F829085D33006DBDD6 /* FeedListView.swift */,
			);
			path = Views;
			sourceTree = "<group>";
		};
		2962D1FD28EDB75500220887 /* Feed */ = {
			isa = PBXGroup;
			children = (
				2967082D28EF19E900FDAC75 /* UI */,
				2962D1FE28EDB76100220887 /* API */,
				299AD5C128EB342F00AAEA6F /* Feature */,
			);
			path = Feed;
			sourceTree = "<group>";
		};
		2962D1FE28EDB76100220887 /* API */ = {
			isa = PBXGroup;
			children = (
				2962D1FF28EDB77F00220887 /* FeedMapper.swift */,
			);
			path = API;
			sourceTree = "<group>";
		};
		2962D20128EDB79600220887 /* Modules */ = {
			isa = PBXGroup;
			children = (
				29C768C6290EE88A00951EAC /* Common */,
				2962D20228EDB7A000220887 /* Feed */,
			);
			path = Modules;
			sourceTree = "<group>";
		};
		2962D20228EDB7A000220887 /* Feed */ = {
			isa = PBXGroup;
			children = (
				2967082F28EF1A0100FDAC75 /* UI */,
				2962D20328EDB7A600220887 /* API */,
			);
			path = Feed;
			sourceTree = "<group>";
		};
		2962D20328EDB7A600220887 /* API */ = {
			isa = PBXGroup;
			children = (
				2962D20428EDB7AF00220887 /* FeedMapperTests.swift */,
				2962D20628EDC19100220887 /* TestHelper */,
			);
			path = API;
			sourceTree = "<group>";
		};
		2962D20628EDC19100220887 /* TestHelper */ = {
			isa = PBXGroup;
			children = (
				2962D20728EDC1B700220887 /* HTTPURLResponse+Ext.swift */,
			);
			path = TestHelper;
			sourceTree = "<group>";
		};
		2967082D28EF19E900FDAC75 /* UI */ = {
			isa = PBXGroup;
			children = (
				296018F729085D26006DBDD6 /* Views */,
				296018F429085CC2006DBDD6 /* Composers */,
				2967082E28EF19F400FDAC75 /* ViewModels */,
			);
			path = UI;
			sourceTree = "<group>";
		};
		2967082E28EF19F400FDAC75 /* ViewModels */ = {
			isa = PBXGroup;
			children = (
				2967083028EF1A7200FDAC75 /* FeedViewModel.swift */,
			);
			path = ViewModels;
			sourceTree = "<group>";
		};
		2967082F28EF1A0100FDAC75 /* UI */ = {
			isa = PBXGroup;
			children = (
				2914C237290ACE29005193BA /* Views */,
				2967083228EF1A8800FDAC75 /* FeedViewModelTests.swift */,
			);
			path = UI;
			sourceTree = "<group>";
		};
		29909AC829162DF900850637 /* API */ = {
			isa = PBXGroup;
			children = (
				29D1853F28D04849006FFE4C /* HTTPClient.swift */,
				29D1854028D04849006FFE4C /* URLSessionHTTPClient.swift */,
				299AD5BC28EAFFA500AAEA6F /* Endpoint.swift */,
				29F51F2428EFD45F0095BC0B /* RemoteLoader.swift */,
				29909AC929162FC100850637 /* ImageLoader.swift */,
			);
			path = API;
			sourceTree = "<group>";
		};
		299AD5C028EB047300AAEA6F /* Modules */ = {
			isa = PBXGroup;
			children = (
				29DB8D752913F903007B7D10 /* Common */,
				2962D1FD28EDB75500220887 /* Feed */,
			);
			path = Modules;
			sourceTree = "<group>";
		};
		299AD5C128EB342F00AAEA6F /* Feature */ = {
			isa = PBXGroup;
			children = (
				299AD5C228EB352100AAEA6F /* Feed.swift */,
			);
			path = Feature;
			sourceTree = "<group>";
		};
		29C768C6290EE88A00951EAC /* Common */ = {
			isa = PBXGroup;
			children = (
				29C768C7290EE89E00951EAC /* AsyncImageView */,
			);
			path = Common;
			sourceTree = "<group>";
		};
		29C768C7290EE89E00951EAC /* AsyncImageView */ = {
			isa = PBXGroup;
			children = (
				29C768C8290EE8B000951EAC /* AsyncImageViewModelTests.swift */,
			);
			path = AsyncImageView;
			sourceTree = "<group>";
		};
		29D184FA28D013B6006FFE4C = {
			isa = PBXGroup;
			children = (
				29D1850528D013B6006FFE4C /* Post */,
				29D1851C28D013B7006FFE4C /* PostTests */,
				29D1850428D013B6006FFE4C /* Products */,
			);
			sourceTree = "<group>";
		};
		29D1850428D013B6006FFE4C /* Products */ = {
			isa = PBXGroup;
			children = (
				29D1850328D013B6006FFE4C /* Post.app */,
				29D1851928D013B7006FFE4C /* PostTests.xctest */,
			);
			name = Products;
			sourceTree = "<group>";
		};
		29D1850528D013B6006FFE4C /* Post */ = {
			isa = PBXGroup;
			children = (
				294C5DD9290BB199003B3B8C /* Views */,
				290B25F4290824D600BB8484 /* Helpers */,
				299AD5C028EB047300AAEA6F /* Modules */,
				29D1854928D04F20006FFE4C /* Application */,
				29D1854828D04F10006FFE4C /* Resources */,
				29D1854528D0485B006FFE4C /* Networking */,
			);
			path = Post;
			sourceTree = "<group>";
		};
		29D1851C28D013B7006FFE4C /* PostTests */ = {
			isa = PBXGroup;
			children = (
				2962D20128EDB79600220887 /* Modules */,
				29D1854628D04EC3006FFE4C /* Networking */,
				29D1853828D02AF9006FFE4C /* TestHelpers */,
			);
			path = PostTests;
			sourceTree = "<group>";
		};
		29D1853828D02AF9006FFE4C /* TestHelpers */ = {
			isa = PBXGroup;
			children = (
				29D1853928D02B30006FFE4C /* XCTestCase+Data.swift */,
				292FE0FF28D740FA00AC220C /* XCTestCase+MemoryLeakTracking.swift */,
				29D1853B28D02BE5006FFE4C /* XCTestCase+Error.swift */,
				29D1853D28D02D17006FFE4C /* XCTestCase+URL.swift */,
				2914C233290A9582005193BA /* UIViewController+Snapshot.swift */,
				2914C235290A95AB005193BA /* XCTestCase+Snapshot.swift */,
			);
			path = TestHelpers;
			sourceTree = "<group>";
		};
		29D1854528D0485B006FFE4C /* Networking */ = {
			isa = PBXGroup;
			children = (
				29909AC829162DF900850637 /* API */,
			);
			path = Networking;
			sourceTree = "<group>";
		};
		29D1854628D04EC3006FFE4C /* Networking */ = {
			isa = PBXGroup;
			children = (
				29D1854728D04ECE006FFE4C /* TestHelpers */,
				29D603A328D247FE00F712BF /* URLSessionHTTPClientTests.swift */,
				299AD5BE28EB00DF00AAEA6F /* EndpointTests.swift */,
				294673D428F47A2D00C074D2 /* RemoteLoaderTests.swift */,
			);
			path = Networking;
			sourceTree = "<group>";
		};
		29D1854728D04ECE006FFE4C /* TestHelpers */ = {
			isa = PBXGroup;
			children = (
				29D603A128D1FEA700F712BF /* URLProtocolStub.swift */,
				2967083428EF357700FDAC75 /* HTTPClientSpy.swift */,
			);
			path = TestHelpers;
			sourceTree = "<group>";
		};
		29D1854828D04F10006FFE4C /* Resources */ = {
			isa = PBXGroup;
			children = (
				29D1850F28D013B6006FFE4C /* Assets.xcassets */,
				29D1851128D013B7006FFE4C /* LaunchScreen.storyboard */,
				29D1851428D013B7006FFE4C /* Info.plist */,
			);
			path = Resources;
			sourceTree = "<group>";
		};
		29D1854928D04F20006FFE4C /* Application */ = {
			isa = PBXGroup;
			children = (
				29D1850628D013B6006FFE4C /* AppDelegate.swift */,
				29D1850828D013B6006FFE4C /* SceneDelegate.swift */,
			);
			path = Application;
			sourceTree = "<group>";
		};
		29DB8D752913F903007B7D10 /* Common */ = {
			isa = PBXGroup;
			children = (
				291DE8502917EBC8002122FD /* API */,
				29DB8D762913F908007B7D10 /* UI */,
			);
			path = Common;
			sourceTree = "<group>";
		};
		29DB8D762913F908007B7D10 /* UI */ = {
			isa = PBXGroup;
			children = (
				29DB8D772913F928007B7D10 /* Views */,
			);
			path = UI;
			sourceTree = "<group>";
		};
		29DB8D772913F928007B7D10 /* Views */ = {
			isa = PBXGroup;
			children = (
				29DB8D782913F92F007B7D10 /* AsyncImage */,
			);
			path = Views;
			sourceTree = "<group>";
		};
		29DB8D782913F92F007B7D10 /* AsyncImage */ = {
			isa = PBXGroup;
			children = (
				29C768C4290E8FF800951EAC /* AsyncImageViewModel.swift */,
				29DB8D792913F93F007B7D10 /* AsyncImageView.swift */,
			);
			path = AsyncImage;
			sourceTree = "<group>";
		};
/* End PBXGroup section */

/* Begin PBXNativeTarget section */
		29D1850228D013B6006FFE4C /* Post */ = {
			isa = PBXNativeTarget;
			buildConfigurationList = 29D1852D28D013B7006FFE4C /* Build configuration list for PBXNativeTarget "Post" */;
			buildPhases = (
				29D184FF28D013B6006FFE4C /* Sources */,
				29D1850028D013B6006FFE4C /* Frameworks */,
				29D1850128D013B6006FFE4C /* Resources */,
			);
			buildRules = (
			);
			dependencies = (
			);
			name = Post;
			productName = Post;
			productReference = 29D1850328D013B6006FFE4C /* Post.app */;
			productType = "com.apple.product-type.application";
		};
		29D1851828D013B7006FFE4C /* PostTests */ = {
			isa = PBXNativeTarget;
			buildConfigurationList = 29D1853028D013B7006FFE4C /* Build configuration list for PBXNativeTarget "PostTests" */;
			buildPhases = (
				29D1851528D013B7006FFE4C /* Sources */,
				29D1851628D013B7006FFE4C /* Frameworks */,
				29D1851728D013B7006FFE4C /* Resources */,
			);
			buildRules = (
			);
			dependencies = (
				29D1851B28D013B7006FFE4C /* PBXTargetDependency */,
			);
			name = PostTests;
			productName = PostTests;
			productReference = 29D1851928D013B7006FFE4C /* PostTests.xctest */;
			productType = "com.apple.product-type.bundle.unit-test";
		};
/* End PBXNativeTarget section */

/* Begin PBXProject section */
		29D184FB28D013B6006FFE4C /* Project object */ = {
			isa = PBXProject;
			attributes = {
				BuildIndependentTargetsInParallel = 1;
				LastSwiftUpdateCheck = 1330;
				LastUpgradeCheck = 1330;
				TargetAttributes = {
					29D1850228D013B6006FFE4C = {
						CreatedOnToolsVersion = 13.3;
					};
					29D1851828D013B7006FFE4C = {
						CreatedOnToolsVersion = 13.3;
						TestTargetID = 29D1850228D013B6006FFE4C;
					};
				};
			};
			buildConfigurationList = 29D184FE28D013B6006FFE4C /* Build configuration list for PBXProject "Post" */;
			compatibilityVersion = "Xcode 13.0";
			developmentRegion = en;
			hasScannedForEncodings = 0;
			knownRegions = (
				en,
				Base,
			);
			mainGroup = 29D184FA28D013B6006FFE4C;
			productRefGroup = 29D1850428D013B6006FFE4C /* Products */;
			projectDirPath = "";
			projectRoot = "";
			targets = (
				29D1850228D013B6006FFE4C /* Post */,
				29D1851828D013B7006FFE4C /* PostTests */,
			);
		};
/* End PBXProject section */

/* Begin PBXResourcesBuildPhase section */
		29D1850128D013B6006FFE4C /* Resources */ = {
			isa = PBXResourcesBuildPhase;
			buildActionMask = 2147483647;
			files = (
				29D1851328D013B7006FFE4C /* LaunchScreen.storyboard in Resources */,
				29D1851028D013B6006FFE4C /* Assets.xcassets in Resources */,
			);
			runOnlyForDeploymentPostprocessing = 0;
		};
		29D1851728D013B7006FFE4C /* Resources */ = {
			isa = PBXResourcesBuildPhase;
			buildActionMask = 2147483647;
			files = (
			);
			runOnlyForDeploymentPostprocessing = 0;
		};
/* End PBXResourcesBuildPhase section */

/* Begin PBXSourcesBuildPhase section */
		29D184FF28D013B6006FFE4C /* Sources */ = {
			isa = PBXSourcesBuildPhase;
			buildActionMask = 2147483647;
			files = (
				29D1850728D013B6006FFE4C /* AppDelegate.swift in Sources */,
				29C768C5290E8FF800951EAC /* AsyncImageViewModel.swift in Sources */,
				29FD578A290A8A8F006F1EB3 /* URLRequest+Endpoint.swift in Sources */,
				29DB8D7A2913F93F007B7D10 /* AsyncImageView.swift in Sources */,
				296018F629085CCE006DBDD6 /* FeedUIComposer.swift in Sources */,
				294C5DE3290C01BC003B3B8C /* Shimmer+ViewModifier.swift in Sources */,
				29D1854428D04857006FFE4C /* URLSessionHTTPClient.swift in Sources */,
				29D1850928D013B6006FFE4C /* SceneDelegate.swift in Sources */,
				299AD5C328EB352100AAEA6F /* Feed.swift in Sources */,
				290B25F62908250C00BB8484 /* CombineHelpers.swift in Sources */,
				291DE8522917EBD1002122FD /* ImageDataMapper.swift in Sources */,
				29F51F2528EFD45F0095BC0B /* RemoteLoader.swift in Sources */,
				294C5DDB290BB1A2003B3B8C /* LoadingView.swift in Sources */,
				294C5DDF290BB464003B3B8C /* Color+Hex.swift in Sources */,
				2962D20028EDB77F00220887 /* FeedMapper.swift in Sources */,
				29909ACA29162FC100850637 /* ImageLoader.swift in Sources */,
				29D1854328D04857006FFE4C /* HTTPClient.swift in Sources */,
				291DAB0E2922188C00E85E8F /* ImageLoaderProvider.swift in Sources */,
				29FD578C290A8B14006F1EB3 /* Endpoints.swift in Sources */,
				299AD5BD28EAFFA500AAEA6F /* Endpoint.swift in Sources */,
				296018F929085D33006DBDD6 /* FeedListView.swift in Sources */,
				294C5DE1290BEBA2003B3B8C /* ViewState.swift in Sources */,
				2967083128EF1A7200FDAC75 /* FeedViewModel.swift in Sources */,
			);
			runOnlyForDeploymentPostprocessing = 0;
		};
		29D1851528D013B7006FFE4C /* Sources */ = {
			isa = PBXSourcesBuildPhase;
			buildActionMask = 2147483647;
			files = (
				29D1853E28D02D17006FFE4C /* XCTestCase+URL.swift in Sources */,
				29D603A428D247FE00F712BF /* URLSessionHTTPClientTests.swift in Sources */,
				2967083328EF1A8800FDAC75 /* FeedViewModelTests.swift in Sources */,
				29D1853A28D02B30006FFE4C /* XCTestCase+Data.swift in Sources */,
				294673D528F47A2D00C074D2 /* RemoteLoaderTests.swift in Sources */,
				29D1853C28D02BE5006FFE4C /* XCTestCase+Error.swift in Sources */,
				2962D20528EDB7AF00220887 /* FeedMapperTests.swift in Sources */,
				29D603A228D1FEA700F712BF /* URLProtocolStub.swift in Sources */,
				2914C236290A95AB005193BA /* XCTestCase+Snapshot.swift in Sources */,
				29C768C9290EE8B000951EAC /* AsyncImageViewModelTests.swift in Sources */,
				299AD5BF28EB00DF00AAEA6F /* EndpointTests.swift in Sources */,
				2962D20828EDC1B700220887 /* HTTPURLResponse+Ext.swift in Sources */,
				2967083528EF357700FDAC75 /* HTTPClientSpy.swift in Sources */,
				292FE10028D740FA00AC220C /* XCTestCase+MemoryLeakTracking.swift in Sources */,
				2914C23A290ACE46005193BA /* FeedSnapshotTests.swift in Sources */,
				2914C234290A9582005193BA /* UIViewController+Snapshot.swift in Sources */,
			);
			runOnlyForDeploymentPostprocessing = 0;
		};
/* End PBXSourcesBuildPhase section */

/* Begin PBXTargetDependency section */
		29D1851B28D013B7006FFE4C /* PBXTargetDependency */ = {
			isa = PBXTargetDependency;
			target = 29D1850228D013B6006FFE4C /* Post */;
			targetProxy = 29D1851A28D013B7006FFE4C /* PBXContainerItemProxy */;
		};
/* End PBXTargetDependency section */

/* Begin PBXVariantGroup section */
		29D1851128D013B7006FFE4C /* LaunchScreen.storyboard */ = {
			isa = PBXVariantGroup;
			children = (
				29D1851228D013B7006FFE4C /* Base */,
			);
			name = LaunchScreen.storyboard;
			sourceTree = "<group>";
		};
/* End PBXVariantGroup section */

/* Begin XCBuildConfiguration section */
		29D1852B28D013B7006FFE4C /* Debug */ = {
			isa = XCBuildConfiguration;
			buildSettings = {
				ALWAYS_SEARCH_USER_PATHS = NO;
				CLANG_ANALYZER_NONNULL = YES;
				CLANG_ANALYZER_NUMBER_OBJECT_CONVERSION = YES_AGGRESSIVE;
				CLANG_CXX_LANGUAGE_STANDARD = "gnu++17";
				CLANG_ENABLE_MODULES = YES;
				CLANG_ENABLE_OBJC_ARC = YES;
				CLANG_ENABLE_OBJC_WEAK = YES;
				CLANG_WARN_BLOCK_CAPTURE_AUTORELEASING = YES;
				CLANG_WARN_BOOL_CONVERSION = YES;
				CLANG_WARN_COMMA = YES;
				CLANG_WARN_CONSTANT_CONVERSION = YES;
				CLANG_WARN_DEPRECATED_OBJC_IMPLEMENTATIONS = YES;
				CLANG_WARN_DIRECT_OBJC_ISA_USAGE = YES_ERROR;
				CLANG_WARN_DOCUMENTATION_COMMENTS = YES;
				CLANG_WARN_EMPTY_BODY = YES;
				CLANG_WARN_ENUM_CONVERSION = YES;
				CLANG_WARN_INFINITE_RECURSION = YES;
				CLANG_WARN_INT_CONVERSION = YES;
				CLANG_WARN_NON_LITERAL_NULL_CONVERSION = YES;
				CLANG_WARN_OBJC_IMPLICIT_RETAIN_SELF = YES;
				CLANG_WARN_OBJC_LITERAL_CONVERSION = YES;
				CLANG_WARN_OBJC_ROOT_CLASS = YES_ERROR;
				CLANG_WARN_QUOTED_INCLUDE_IN_FRAMEWORK_HEADER = YES;
				CLANG_WARN_RANGE_LOOP_ANALYSIS = YES;
				CLANG_WARN_STRICT_PROTOTYPES = YES;
				CLANG_WARN_SUSPICIOUS_MOVE = YES;
				CLANG_WARN_UNGUARDED_AVAILABILITY = YES_AGGRESSIVE;
				CLANG_WARN_UNREACHABLE_CODE = YES;
				CLANG_WARN__DUPLICATE_METHOD_MATCH = YES;
				COPY_PHASE_STRIP = NO;
				DEBUG_INFORMATION_FORMAT = dwarf;
				ENABLE_STRICT_OBJC_MSGSEND = YES;
				ENABLE_TESTABILITY = YES;
				GCC_C_LANGUAGE_STANDARD = gnu11;
				GCC_DYNAMIC_NO_PIC = NO;
				GCC_NO_COMMON_BLOCKS = YES;
				GCC_OPTIMIZATION_LEVEL = 0;
				GCC_PREPROCESSOR_DEFINITIONS = (
					"DEBUG=1",
					"$(inherited)",
				);
				GCC_WARN_64_TO_32_BIT_CONVERSION = YES;
				GCC_WARN_ABOUT_RETURN_TYPE = YES_ERROR;
				GCC_WARN_UNDECLARED_SELECTOR = YES;
				GCC_WARN_UNINITIALIZED_AUTOS = YES_AGGRESSIVE;
				GCC_WARN_UNUSED_FUNCTION = YES;
				GCC_WARN_UNUSED_VARIABLE = YES;
				IPHONEOS_DEPLOYMENT_TARGET = 15.4;
				MTL_ENABLE_DEBUG_INFO = INCLUDE_SOURCE;
				MTL_FAST_MATH = YES;
				ONLY_ACTIVE_ARCH = YES;
				SDKROOT = iphoneos;
				SWIFT_ACTIVE_COMPILATION_CONDITIONS = DEBUG;
				SWIFT_OPTIMIZATION_LEVEL = "-Onone";
			};
			name = Debug;
		};
		29D1852C28D013B7006FFE4C /* Release */ = {
			isa = XCBuildConfiguration;
			buildSettings = {
				ALWAYS_SEARCH_USER_PATHS = NO;
				CLANG_ANALYZER_NONNULL = YES;
				CLANG_ANALYZER_NUMBER_OBJECT_CONVERSION = YES_AGGRESSIVE;
				CLANG_CXX_LANGUAGE_STANDARD = "gnu++17";
				CLANG_ENABLE_MODULES = YES;
				CLANG_ENABLE_OBJC_ARC = YES;
				CLANG_ENABLE_OBJC_WEAK = YES;
				CLANG_WARN_BLOCK_CAPTURE_AUTORELEASING = YES;
				CLANG_WARN_BOOL_CONVERSION = YES;
				CLANG_WARN_COMMA = YES;
				CLANG_WARN_CONSTANT_CONVERSION = YES;
				CLANG_WARN_DEPRECATED_OBJC_IMPLEMENTATIONS = YES;
				CLANG_WARN_DIRECT_OBJC_ISA_USAGE = YES_ERROR;
				CLANG_WARN_DOCUMENTATION_COMMENTS = YES;
				CLANG_WARN_EMPTY_BODY = YES;
				CLANG_WARN_ENUM_CONVERSION = YES;
				CLANG_WARN_INFINITE_RECURSION = YES;
				CLANG_WARN_INT_CONVERSION = YES;
				CLANG_WARN_NON_LITERAL_NULL_CONVERSION = YES;
				CLANG_WARN_OBJC_IMPLICIT_RETAIN_SELF = YES;
				CLANG_WARN_OBJC_LITERAL_CONVERSION = YES;
				CLANG_WARN_OBJC_ROOT_CLASS = YES_ERROR;
				CLANG_WARN_QUOTED_INCLUDE_IN_FRAMEWORK_HEADER = YES;
				CLANG_WARN_RANGE_LOOP_ANALYSIS = YES;
				CLANG_WARN_STRICT_PROTOTYPES = YES;
				CLANG_WARN_SUSPICIOUS_MOVE = YES;
				CLANG_WARN_UNGUARDED_AVAILABILITY = YES_AGGRESSIVE;
				CLANG_WARN_UNREACHABLE_CODE = YES;
				CLANG_WARN__DUPLICATE_METHOD_MATCH = YES;
				COPY_PHASE_STRIP = NO;
				DEBUG_INFORMATION_FORMAT = "dwarf-with-dsym";
				ENABLE_NS_ASSERTIONS = NO;
				ENABLE_STRICT_OBJC_MSGSEND = YES;
				GCC_C_LANGUAGE_STANDARD = gnu11;
				GCC_NO_COMMON_BLOCKS = YES;
				GCC_WARN_64_TO_32_BIT_CONVERSION = YES;
				GCC_WARN_ABOUT_RETURN_TYPE = YES_ERROR;
				GCC_WARN_UNDECLARED_SELECTOR = YES;
				GCC_WARN_UNINITIALIZED_AUTOS = YES_AGGRESSIVE;
				GCC_WARN_UNUSED_FUNCTION = YES;
				GCC_WARN_UNUSED_VARIABLE = YES;
				IPHONEOS_DEPLOYMENT_TARGET = 15.4;
				MTL_ENABLE_DEBUG_INFO = NO;
				MTL_FAST_MATH = YES;
				SDKROOT = iphoneos;
				SWIFT_COMPILATION_MODE = wholemodule;
				SWIFT_OPTIMIZATION_LEVEL = "-O";
				VALIDATE_PRODUCT = YES;
			};
			name = Release;
		};
		29D1852E28D013B7006FFE4C /* Debug */ = {
			isa = XCBuildConfiguration;
			buildSettings = {
				ASSETCATALOG_COMPILER_APPICON_NAME = AppIcon;
				ASSETCATALOG_COMPILER_GLOBAL_ACCENT_COLOR_NAME = AccentColor;
				CODE_SIGN_STYLE = Automatic;
				CURRENT_PROJECT_VERSION = 1;
				GENERATE_INFOPLIST_FILE = YES;
				INFOPLIST_FILE = Post/Resources/Info.plist;
				INFOPLIST_KEY_UIApplicationSupportsIndirectInputEvents = YES;
				INFOPLIST_KEY_UILaunchStoryboardName = LaunchScreen;
				INFOPLIST_KEY_UISupportedInterfaceOrientations_iPad = "UIInterfaceOrientationPortrait UIInterfaceOrientationPortraitUpsideDown UIInterfaceOrientationLandscapeLeft UIInterfaceOrientationLandscapeRight";
				INFOPLIST_KEY_UISupportedInterfaceOrientations_iPhone = "UIInterfaceOrientationPortrait UIInterfaceOrientationLandscapeLeft UIInterfaceOrientationLandscapeRight";
				LD_RUNPATH_SEARCH_PATHS = (
					"$(inherited)",
					"@executable_path/Frameworks",
				);
				MARKETING_VERSION = 1.0;
				PRODUCT_BUNDLE_IDENTIFIER = com.sanjayhub.feed.Post;
				PRODUCT_NAME = "$(TARGET_NAME)";
				SWIFT_EMIT_LOC_STRINGS = YES;
				SWIFT_VERSION = 5.0;
				TARGETED_DEVICE_FAMILY = 1;
			};
			name = Debug;
		};
		29D1852F28D013B7006FFE4C /* Release */ = {
			isa = XCBuildConfiguration;
			buildSettings = {
				ASSETCATALOG_COMPILER_APPICON_NAME = AppIcon;
				ASSETCATALOG_COMPILER_GLOBAL_ACCENT_COLOR_NAME = AccentColor;
				CODE_SIGN_STYLE = Automatic;
				CURRENT_PROJECT_VERSION = 1;
				GENERATE_INFOPLIST_FILE = YES;
				INFOPLIST_FILE = Post/Resources/Info.plist;
				INFOPLIST_KEY_UIApplicationSupportsIndirectInputEvents = YES;
				INFOPLIST_KEY_UILaunchStoryboardName = LaunchScreen;
				INFOPLIST_KEY_UISupportedInterfaceOrientations_iPad = "UIInterfaceOrientationPortrait UIInterfaceOrientationPortraitUpsideDown UIInterfaceOrientationLandscapeLeft UIInterfaceOrientationLandscapeRight";
				INFOPLIST_KEY_UISupportedInterfaceOrientations_iPhone = "UIInterfaceOrientationPortrait UIInterfaceOrientationLandscapeLeft UIInterfaceOrientationLandscapeRight";
				LD_RUNPATH_SEARCH_PATHS = (
					"$(inherited)",
					"@executable_path/Frameworks",
				);
				MARKETING_VERSION = 1.0;
				PRODUCT_BUNDLE_IDENTIFIER = com.sanjayhub.feed.Post;
				PRODUCT_NAME = "$(TARGET_NAME)";
				SWIFT_EMIT_LOC_STRINGS = YES;
				SWIFT_VERSION = 5.0;
				TARGETED_DEVICE_FAMILY = 1;
			};
			name = Release;
		};
		29D1853128D013B7006FFE4C /* Debug */ = {
			isa = XCBuildConfiguration;
			buildSettings = {
				ALWAYS_EMBED_SWIFT_STANDARD_LIBRARIES = YES;
				BUNDLE_LOADER = "$(TEST_HOST)";
				CODE_SIGN_STYLE = Automatic;
				CURRENT_PROJECT_VERSION = 1;
				GENERATE_INFOPLIST_FILE = YES;
				IPHONEOS_DEPLOYMENT_TARGET = 15.4;
				MARKETING_VERSION = 1.0;
				PRODUCT_BUNDLE_IDENTIFIER = com.sanjayhub.feed.PostTests;
				PRODUCT_NAME = "$(TARGET_NAME)";
				SWIFT_EMIT_LOC_STRINGS = NO;
				SWIFT_VERSION = 5.0;
				TARGETED_DEVICE_FAMILY = "1,2";
				TEST_HOST = "$(BUILT_PRODUCTS_DIR)/Post.app/Post";
			};
			name = Debug;
		};
		29D1853228D013B7006FFE4C /* Release */ = {
			isa = XCBuildConfiguration;
			buildSettings = {
				ALWAYS_EMBED_SWIFT_STANDARD_LIBRARIES = YES;
				BUNDLE_LOADER = "$(TEST_HOST)";
				CODE_SIGN_STYLE = Automatic;
				CURRENT_PROJECT_VERSION = 1;
				GENERATE_INFOPLIST_FILE = YES;
				IPHONEOS_DEPLOYMENT_TARGET = 15.4;
				MARKETING_VERSION = 1.0;
				PRODUCT_BUNDLE_IDENTIFIER = com.sanjayhub.feed.PostTests;
				PRODUCT_NAME = "$(TARGET_NAME)";
				SWIFT_EMIT_LOC_STRINGS = NO;
				SWIFT_VERSION = 5.0;
				TARGETED_DEVICE_FAMILY = "1,2";
				TEST_HOST = "$(BUILT_PRODUCTS_DIR)/Post.app/Post";
			};
			name = Release;
		};
/* End XCBuildConfiguration section */

/* Begin XCConfigurationList section */
		29D184FE28D013B6006FFE4C /* Build configuration list for PBXProject "Post" */ = {
			isa = XCConfigurationList;
			buildConfigurations = (
				29D1852B28D013B7006FFE4C /* Debug */,
				29D1852C28D013B7006FFE4C /* Release */,
			);
			defaultConfigurationIsVisible = 0;
			defaultConfigurationName = Release;
		};
		29D1852D28D013B7006FFE4C /* Build configuration list for PBXNativeTarget "Post" */ = {
			isa = XCConfigurationList;
			buildConfigurations = (
				29D1852E28D013B7006FFE4C /* Debug */,
				29D1852F28D013B7006FFE4C /* Release */,
			);
			defaultConfigurationIsVisible = 0;
			defaultConfigurationName = Release;
		};
		29D1853028D013B7006FFE4C /* Build configuration list for PBXNativeTarget "PostTests" */ = {
			isa = XCConfigurationList;
			buildConfigurations = (
				29D1853128D013B7006FFE4C /* Debug */,
				29D1853228D013B7006FFE4C /* Release */,
			);
			defaultConfigurationIsVisible = 0;
			defaultConfigurationName = Release;
		};
/* End XCConfigurationList section */
	};
	rootObject = 29D184FB28D013B6006FFE4C /* Project object */;
}
